<?xml version="1.0" encoding="utf-8"?>
<Project ToolsVersion="4.0" xmlns="http://schemas.microsoft.com/developer/msbuild/2003">
  <ItemGroup>
    <Filter Include="Source Files">
      <UniqueIdentifier>{4FC737F1-C7A5-4376-A066-2A32D752A2FF}</UniqueIdentifier>
      <Extensions>cpp;c;cc;cxx;c++;cppm;ixx;def;odl;idl;hpj;bat;asm;asmx</Extensions>
    </Filter>
    <Filter Include="Header Files">
      <UniqueIdentifier>{93995380-89BD-4b04-88EB-625FBE52EBFB}</UniqueIdentifier>
      <Extensions>h;hh;hpp;hxx;h++;hm;inl;inc;ipp;xsd</Extensions>
    </Filter>
    <Filter Include="Resource Files">
      <UniqueIdentifier>{67DA6AB6-F800-4c08-8B7A-83BB121AAD01}</UniqueIdentifier>
      <Extensions>rc;ico;cur;bmp;dlg;rc2;rct;bin;rgs;gif;jpg;jpeg;jpe;resx;tiff;tif;png;wav;mfcribbon-ms</Extensions>
    </Filter>
  </ItemGroup>
  <ItemGroup>
    <ClCompile Include="main.cpp">
      <Filter>Source Files</Filter>
    </ClCompile>
    <ClCompile Include="Capp.cpp">
      <Filter>Source Files</Filter>
    </ClCompile>
    <ClCompile Include="rtRayTrace\rtImage.cpp">
      <Filter>Source Files</Filter>
    </ClCompile>
    <ClCompile Include="rtRayTrace\Scene.cpp">
      <Filter>Source Files</Filter>
    </ClCompile>
    <ClCompile Include="rtRayTrace\Ray.cpp">
      <Filter>Source Files</Filter>
    </ClCompile>
    <ClCompile Include="rtRayTrace\Camera.cpp">
      <Filter>Source Files</Filter>
    </ClCompile>
    <ClCompile Include="rtRayTrace\rtPrimitives\ObjectBase.cpp">
      <Filter>Source Files</Filter>
    </ClCompile>
    <ClCompile Include="rtRayTrace\rtPrimitives\objsphere.cpp">
      <Filter>Source Files</Filter>
    </ClCompile>
    <ClCompile Include="rtRayTrace\rtLights\LightBase.cpp">
      <Filter>Source Files</Filter>
    </ClCompile>
    <ClCompile Include="rtRayTrace\rtLights\pointlight.cpp">
      <Filter>Source Files</Filter>
    </ClCompile>
    <ClCompile Include="rtRayTrace\gtfm.cpp">
      <Filter>Source Files</Filter>
    </ClCompile>
    <ClCompile Include="rtRayTrace\rtPrimitives\objplane.cpp">
      <Filter>Source Files</Filter>
    </ClCompile>
    <ClCompile Include="rtRayTrace\rtMaterials\MaterialBase.cpp">
      <Filter>Source Files</Filter>
    </ClCompile>
    <ClCompile Include="rtRayTrace\rtMaterials\simplematerial.cpp">
      <Filter>Source Files</Filter>
    </ClCompile>
    <ClCompile Include="rtRayTrace\ReflectionScene.cpp">
      <Filter>Source Files</Filter>
    </ClCompile>
  </ItemGroup>
  <ItemGroup>
    <ClInclude Include="Capp.hpp">
      <Filter>Header Files</Filter>
    </ClInclude>
    <ClInclude Include="rtRayTrace\rtImage.hpp">
      <Filter>Header Files</Filter>
    </ClInclude>
    <ClInclude Include="rtRayTrace\Scene.hpp">
      <Filter>Header Files</Filter>
    </ClInclude>
    <ClInclude Include="toolbox\qbVector.h">
      <Filter>Header Files</Filter>
    </ClInclude>
    <ClInclude Include="rtRayTrace\Ray.hpp">
      <Filter>Header Files</Filter>
    </ClInclude>
    <ClInclude Include="rtRayTrace\Camera.hpp">
      <Filter>Header Files</Filter>
    </ClInclude>
    <ClInclude Include="rtRayTrace\rtPrimitives\ObjectBase.hpp">
      <Filter>Header Files</Filter>
    </ClInclude>
    <ClInclude Include="rtRayTrace\rtPrimitives\objsphere.hpp">
      <Filter>Header Files</Filter>
    </ClInclude>
    <ClInclude Include="rtRayTrace\rtLights\LightBase.hpp">
      <Filter>Header Files</Filter>
    </ClInclude>
    <ClInclude Include="rtRayTrace\rtLights\pointlight.hpp">
      <Filter>Header Files</Filter>
    </ClInclude>
    <ClInclude Include="rtRayTrace\gtfm.hpp">
      <Filter>Header Files</Filter>
    </ClInclude>
    <ClInclude Include="toolbox\qbMatrix.h">
      <Filter>Header Files</Filter>
    </ClInclude>
    <ClInclude Include="toolbox\qbVector3.hpp">
      <Filter>Header Files</Filter>
    </ClInclude>
    <ClInclude Include="toolbox\qbVector4.hpp">
      <Filter>Header Files</Filter>
    </ClInclude>
    <ClInclude Include="rtRayTrace\rtPrimitives\objplane.hpp">
      <Filter>Header Files</Filter>
    </ClInclude>
    <ClInclude Include="rtRayTrace\rtMaterials\MaterialBase.hpp">
      <Filter>Header Files</Filter>
    </ClInclude>
    <ClInclude Include="rtRayTrace\rtMaterials\simplematerial.hpp">
      <Filter>Header Files</Filter>
    </ClInclude>
    <ClInclude Include="toolbox\qbVector2.hpp">
      <Filter>Header Files</Filter>
    </ClInclude>
    <ClInclude Include="rtRayTrace\rtUtils.hpp">
      <Filter>Header Files</Filter>
    </ClInclude>
    <ClInclude Include="rtRayTrace\ReflectionScene.hpp">
      <Filter>Header Files</Filter>
    </ClInclude>
  </ItemGroup>
</Project>